
Microsoft Visual Studio Solution File, Format Version 12.00
# Visual Studio Version 17
VisualStudioVersion = 17.9.34714.143
MinimumVisualStudioVersion = 10.0.40219.1
Project("{FAE04EC0-301F-11D3-BF4B-00C04F79EFBC}") = "PresentSubstring", "PresentSubstring\PresentSubstring.csproj", "{CF879BD9-8614-4990-8921-E73022F465AB}"
EndProject
Global
	GlobalSection(SolutionConfigurationPlatforms) = preSolution
		Debug|Any CPU = Debug|Any CPU
		Release|Any CPU = Release|Any CPU
	EndGlobalSection
	GlobalSection(ProjectConfigurationPlatforms) = postSolution
		{CF879BD9-8614-4990-8921-E73022F465AB}.Debug|Any CPU.ActiveCfg = Debug|Any CPU
		{CF879BD9-8614-4990-8921-E73022F465AB}.Debug|Any CPU.Build.0 = Debug|Any CPU
		{CF879BD9-8614-4990-8921-E73022F465AB}.Release|Any CPU.ActiveCfg = Release|Any CPU
		{CF879BD9-8614-4990-8921-E73022F465AB}.Release|Any CPU.Build.0 = Release|Any CPU
	EndGlobalSection
	GlobalSection(SolutionProperties) = preSolution
		HideSolutionNode = FALSE
	EndGlobalSection
	GlobalSection(ExtensibilityGlobals) = postSolution
		SolutionGuid = {645B5DB8-C75B-4951-A941-20508CC2FE1C}
	EndGlobalSection
EndGlobal
